
Microsoft Visual Studio Solution File, Format Version 12.00
# Visual Studio Version 17
VisualStudioVersion = 17.10.35004.147
MinimumVisualStudioVersion = 10.0.40219.1
Project("{9A19103F-16F7-4668-BE54-9A1E7A4F7556}") = "HiddenVilla_Server", "HiddenVilla_Server\HiddenVilla_Server.csproj", "{B2C97BB3-A477-4A7D-A8F6-2864C02C6FBE}"
EndProject
Project("{9A19103F-16F7-4668-BE54-9A1E7A4F7556}") = "DataAccess", "DataAccess\DataAccess.csproj", "{096F2237-EFFE-4758-A3C5-F9592A3F074D}"
EndProject
Project("{9A19103F-16F7-4668-BE54-9A1E7A4F7556}") = "Models", "Models\Models.csproj", "{A1324125-628D-4FA1-99B4-4F745836E161}"
EndProject
Project("{9A19103F-16F7-4668-BE54-9A1E7A4F7556}") = "Common", "Common\Common.csproj", "{6F86C980-EAA0-4721-99B7-FA2ACA974257}"
EndProject
Project("{9A19103F-16F7-4668-BE54-9A1E7A4F7556}") = "Business", "Business\Business.csproj", "{4DBD8E2C-4695-47A8-B382-942ED0E177D6}"
EndProject
Project("{FAE04EC0-301F-11D3-BF4B-00C04F79EFBC}") = "HiddenVilla_API", "HiddenVilla_API\HiddenVilla_API.csproj", "{36352998-0054-48D5-A3B8-88ED41D311E4}"
EndProject
Project("{FAE04EC0-301F-11D3-BF4B-00C04F79EFBC}") = "HiddenVilla_Client", "HiddenVilla_Client\HiddenVilla_Client.csproj", "{2C8A6F55-F7B0-4586-B09F-536B72A130AA}"
EndProject
Global
	GlobalSection(SolutionConfigurationPlatforms) = preSolution
		Debug|Any CPU = Debug|Any CPU
		Release|Any CPU = Release|Any CPU
	EndGlobalSection
	GlobalSection(ProjectConfigurationPlatforms) = postSolution
		{B2C97BB3-A477-4A7D-A8F6-2864C02C6FBE}.Debug|Any CPU.ActiveCfg = Debug|Any CPU
		{B2C97BB3-A477-4A7D-A8F6-2864C02C6FBE}.Debug|Any CPU.Build.0 = Debug|Any CPU
		{B2C97BB3-A477-4A7D-A8F6-2864C02C6FBE}.Release|Any CPU.ActiveCfg = Release|Any CPU
		{B2C97BB3-A477-4A7D-A8F6-2864C02C6FBE}.Release|Any CPU.Build.0 = Release|Any CPU
		{096F2237-EFFE-4758-A3C5-F9592A3F074D}.Debug|Any CPU.ActiveCfg = Debug|Any CPU
		{096F2237-EFFE-4758-A3C5-F9592A3F074D}.Debug|Any CPU.Build.0 = Debug|Any CPU
		{096F2237-EFFE-4758-A3C5-F9592A3F074D}.Release|Any CPU.ActiveCfg = Release|Any CPU
		{096F2237-EFFE-4758-A3C5-F9592A3F074D}.Release|Any CPU.Build.0 = Release|Any CPU
		{A1324125-628D-4FA1-99B4-4F745836E161}.Debug|Any CPU.ActiveCfg = Debug|Any CPU
		{A1324125-628D-4FA1-99B4-4F745836E161}.Debug|Any CPU.Build.0 = Debug|Any CPU
		{A1324125-628D-4FA1-99B4-4F745836E161}.Release|Any CPU.ActiveCfg = Release|Any CPU
		{A1324125-628D-4FA1-99B4-4F745836E161}.Release|Any CPU.Build.0 = Release|Any CPU
		{6F86C980-EAA0-4721-99B7-FA2ACA974257}.Debug|Any CPU.ActiveCfg = Debug|Any CPU
		{6F86C980-EAA0-4721-99B7-FA2ACA974257}.Debug|Any CPU.Build.0 = Debug|Any CPU
		{6F86C980-EAA0-4721-99B7-FA2ACA974257}.Release|Any CPU.ActiveCfg = Release|Any CPU
		{6F86C980-EAA0-4721-99B7-FA2ACA974257}.Release|Any CPU.Build.0 = Release|Any CPU
		{4DBD8E2C-4695-47A8-B382-942ED0E177D6}.Debug|Any CPU.ActiveCfg = Debug|Any CPU
		{4DBD8E2C-4695-47A8-B382-942ED0E177D6}.Debug|Any CPU.Build.0 = Debug|Any CPU
		{4DBD8E2C-4695-47A8-B382-942ED0E177D6}.Release|Any CPU.ActiveCfg = Release|Any CPU
		{4DBD8E2C-4695-47A8-B382-942ED0E177D6}.Release|Any CPU.Build.0 = Release|Any CPU
		{36352998-0054-48D5-A3B8-88ED41D311E4}.Debug|Any CPU.ActiveCfg = Debug|Any CPU
		{36352998-0054-48D5-A3B8-88ED41D311E4}.Debug|Any CPU.Build.0 = Debug|Any CPU
		{36352998-0054-48D5-A3B8-88ED41D311E4}.Release|Any CPU.ActiveCfg = Release|Any CPU
		{36352998-0054-48D5-A3B8-88ED41D311E4}.Release|Any CPU.Build.0 = Release|Any CPU
		{2C8A6F55-F7B0-4586-B09F-536B72A130AA}.Debug|Any CPU.ActiveCfg = Debug|Any CPU
		{2C8A6F55-F7B0-4586-B09F-536B72A130AA}.Debug|Any CPU.Build.0 = Debug|Any CPU
		{2C8A6F55-F7B0-4586-B09F-536B72A130AA}.Release|Any CPU.ActiveCfg = Release|Any CPU
		{2C8A6F55-F7B0-4586-B09F-536B72A130AA}.Release|Any CPU.Build.0 = Release|Any CPU
	EndGlobalSection
	GlobalSection(SolutionProperties) = preSolution
		HideSolutionNode = FALSE
	EndGlobalSection
	GlobalSection(ExtensibilityGlobals) = postSolution
		SolutionGuid = {C85F59FB-92D2-486A-A4A4-B1E62B4E266E}
	EndGlobalSection
EndGlobal
